
Microsoft Visual Studio Solution File, Format Version 12.00
# Visual Studio Version 17
VisualStudioVersion = 17.5.002.0
MinimumVisualStudioVersion = 10.0.40219.1
Project("{9A19103F-16F7-4668-BE54-9A1E7A4F7556}") = "BaiTap", "BaiTap.csproj", "{2387CE95-E8CF-482E-AFF8-DCB235B2BB00}"
EndProject
Global
	GlobalSection(SolutionConfigurationPlatforms) = preSolution
		Debug|Any CPU = Debug|Any CPU
		Release|Any CPU = Release|Any CPU
	EndGlobalSection
	GlobalSection(ProjectConfigurationPlatforms) = postSolution
		{2387CE95-E8CF-482E-AFF8-DCB235B2BB00}.Debug|Any CPU.ActiveCfg = Debug|Any CPU
		{2387CE95-E8CF-482E-AFF8-DCB235B2BB00}.Debug|Any CPU.Build.0 = Debug|Any CPU
		{2387CE95-E8CF-482E-AFF8-DCB235B2BB00}.Release|Any CPU.ActiveCfg = Release|Any CPU
		{2387CE95-E8CF-482E-AFF8-DCB235B2BB00}.Release|Any CPU.Build.0 = Release|Any CPU
	EndGlobalSection
	GlobalSection(SolutionProperties) = preSolution
		HideSolutionNode = FALSE
	EndGlobalSection
	GlobalSection(ExtensibilityGlobals) = postSolution
		SolutionGuid = {13CD54B3-22EF-4E14-B8B9-D69979DF7DDD}
	EndGlobalSection
EndGlobal
